{
  "nodes": {
    "nix-npm-buildpackage": {
      "inputs": {
        "nixpkgs": [
          "nixpkgs"
        ]
      },
      "locked": {
        "lastModified": 1677562139,
        "narHash": "sha256-J39FdMjECbWGSXVHmEdyGBD2aRYGhg9bWEPf1/ZR47k=",
        "owner": "serokell",
        "repo": "nix-npm-buildpackage",
        "rev": "d45296118cae672982f192451dd3e19fa6c2d068",
        "type": "github"
      },
      "original": {
        "owner": "serokell",
        "repo": "nix-npm-buildpackage",
        "type": "github"
      }
    },
    "nixpkgs": {
      "locked": {
        "lastModified": 1682266827,
        "narHash": "sha256-K+ZriFdFKMWbJ+IjJf3LJAKp3KePOvO76W2mzlxdsA4=",
        "owner": "nixos",
        "repo": "nixpkgs",
        "rev": "5d91a896449650d13fbba8c8abc65d1615c2b654",
        "type": "github"
      },
      "original": {
        "owner": "nixos",
        "repo": "nixpkgs",
        "type": "github"
      }
    },
    "root": {
      "inputs": {
        "nix-npm-buildpackage": "nix-npm-buildpackage",
        "nixpkgs": "nixpkgs"
      }
    }
  },
  "root": "root",
  "version": 7
}
